
Microsoft Visual Studio Solution File, Format Version 12.00
# Visual Studio Version 16
VisualStudioVersion = 16.0.29326.143
MinimumVisualStudioVersion = 10.0.40219.1
Project("{FAE04EC0-301F-11D3-BF4B-00C04F79EFBC}") = "görüntüIslemeO4", "görüntüIslemeO4.csproj", "{05A65F04-B695-47ED-B771-F3C69ACB27C7}"
EndProject
Global
	GlobalSection(SolutionConfigurationPlatforms) = preSolution
		Debug|Any CPU = Debug|Any CPU
		Release|Any CPU = Release|Any CPU
	EndGlobalSection
	GlobalSection(ProjectConfigurationPlatforms) = postSolution
		{05A65F04-B695-47ED-B771-F3C69ACB27C7}.Debug|Any CPU.ActiveCfg = Debug|Any CPU
		{05A65F04-B695-47ED-B771-F3C69ACB27C7}.Debug|Any CPU.Build.0 = Debug|Any CPU
		{05A65F04-B695-47ED-B771-F3C69ACB27C7}.Release|Any CPU.ActiveCfg = Release|Any CPU
		{05A65F04-B695-47ED-B771-F3C69ACB27C7}.Release|Any CPU.Build.0 = Release|Any CPU
	EndGlobalSection
	GlobalSection(SolutionProperties) = preSolution
		HideSolutionNode = FALSE
	EndGlobalSection
	GlobalSection(ExtensibilityGlobals) = postSolution
		SolutionGuid = {C605C403-1305-4481-9EF9-155EE0BC4D53}
	EndGlobalSection
EndGlobal
